<?xml version="1.0" encoding="utf-8"?>
<Project ToolsVersion="4.0" xmlns="http://schemas.microsoft.com/developer/msbuild/2003">
  <ItemGroup>
    <Filter Include="源文件">
      <UniqueIdentifier>{4FC737F1-C7A5-4376-A066-2A32D752A2FF}</UniqueIdentifier>
      <Extensions>cpp;c;cc;cxx;def;odl;idl;hpj;bat;asm;asmx</Extensions>
    </Filter>
    <Filter Include="头文件">
      <UniqueIdentifier>{93995380-89BD-4b04-88EB-625FBE52EBFB}</UniqueIdentifier>
      <Extensions>h;hh;hpp;hxx;hm;inl;inc;xsd</Extensions>
    </Filter>
    <Filter Include="资源文件">
      <UniqueIdentifier>{67DA6AB6-F800-4c08-8B7A-83BB121AAD01}</UniqueIdentifier>
      <Extensions>rc;ico;cur;bmp;dlg;rc2;rct;bin;rgs;gif;jpg;jpeg;jpe;resx;tiff;tif;png;wav;mfcribbon-ms</Extensions>
    </Filter>
    <Filter Include="源文件\log">
      <UniqueIdentifier>{da4f8524-5a9b-49dd-b5e8-35800dfef45e}</UniqueIdentifier>
    </Filter>
    <Filter Include="头文件\log">
      <UniqueIdentifier>{9750ff8d-939d-4881-8093-fad3a22316ad}</UniqueIdentifier>
    </Filter>
    <Filter Include="头文件\ioservice">
      <UniqueIdentifier>{a5e5b4e5-ecc2-46ec-b0de-12677dc2b31a}</UniqueIdentifier>
    </Filter>
    <Filter Include="源文件\ioservice">
      <UniqueIdentifier>{c8491cff-31cd-4ac0-a251-95e56510dfd5}</UniqueIdentifier>
    </Filter>
    <Filter Include="头文件\utils">
      <UniqueIdentifier>{2fd8a5b4-bbbe-4136-89bc-43cd8b7178c4}</UniqueIdentifier>
    </Filter>
  </ItemGroup>
  <ItemGroup>
    <Text Include="ReadMe.txt" />
  </ItemGroup>
  <ItemGroup>
    <ClInclude Include="stdafx.h">
      <Filter>头文件</Filter>
    </ClInclude>
    <ClInclude Include="targetver.h">
      <Filter>头文件</Filter>
    </ClInclude>
    <ClInclude Include="SocketSession.h">
      <Filter>头文件</Filter>
    </ClInclude>
    <ClInclude Include="Message.h">
      <Filter>头文件</Filter>
    </ClInclude>
    <ClInclude Include="SessionManager.h">
      <Filter>头文件</Filter>
    </ClInclude>
    <ClInclude Include="FilterContainer.h">
      <Filter>头文件</Filter>
    </ClInclude>
    <ClInclude Include="ServerSocketUtils.h">
      <Filter>头文件</Filter>
    </ClInclude>
    <ClInclude Include="BusinessServerSocketUtil.h">
      <Filter>头文件</Filter>
    </ClInclude>
    <ClInclude Include="log\LogUtil.h">
      <Filter>头文件\log</Filter>
    </ClInclude>
    <ClInclude Include="ioservice\IoServicePool.h">
      <Filter>头文件\ioservice</Filter>
    </ClInclude>
    <ClInclude Include="utils\Singleton.h">
      <Filter>头文件\utils</Filter>
    </ClInclude>
  </ItemGroup>
  <ItemGroup>
    <ClCompile Include="stdafx.cpp">
      <Filter>源文件</Filter>
    </ClCompile>
    <ClCompile Include="BoostAsioServer.cpp">
      <Filter>源文件</Filter>
    </ClCompile>
    <ClCompile Include="SocketSession.cpp">
      <Filter>源文件</Filter>
    </ClCompile>
    <ClCompile Include="Message.cpp">
      <Filter>源文件</Filter>
    </ClCompile>
    <ClCompile Include="SessionManager.cpp">
      <Filter>源文件</Filter>
    </ClCompile>
    <ClCompile Include="FilterContainer.cpp">
      <Filter>源文件</Filter>
    </ClCompile>
    <ClCompile Include="ServerSocketUtils.cpp">
      <Filter>源文件</Filter>
    </ClCompile>
    <ClCompile Include="BusinessServerSocketUtil.cpp">
      <Filter>源文件</Filter>
    </ClCompile>
    <ClCompile Include="log\LogUtil.cpp">
      <Filter>源文件\log</Filter>
    </ClCompile>
    <ClCompile Include="ioservice\IoServicePool.cpp">
      <Filter>源文件\ioservice</Filter>
    </ClCompile>
  </ItemGroup>
  <ItemGroup>
    <None Include="..\BoostAsioClient\BoostAsioClient.vcxproj" />
  </ItemGroup>
</Project>